
Microsoft Visual Studio Solution File, Format Version 12.00
# Visual Studio Version 17
VisualStudioVersion = 17.13.35919.96 d17.13
MinimumVisualStudioVersion = 10.0.40219.1
Project("{FAE04EC0-301F-11D3-BF4B-00C04F79EFBC}") = "Momente", "Momente\Momente.csproj", "{7D089AC7-8F31-4E20-BFD6-B908321A6D3D}"
EndProject
Global
	GlobalSection(SolutionConfigurationPlatforms) = preSolution
		Debug|Any CPU = Debug|Any CPU
		Release|Any CPU = Release|Any CPU
	EndGlobalSection
	GlobalSection(ProjectConfigurationPlatforms) = postSolution
		{7D089AC7-8F31-4E20-BFD6-B908321A6D3D}.Debug|Any CPU.ActiveCfg = Debug|Any CPU
		{7D089AC7-8F31-4E20-BFD6-B908321A6D3D}.Debug|Any CPU.Build.0 = Debug|Any CPU
		{7D089AC7-8F31-4E20-BFD6-B908321A6D3D}.Debug|Any CPU.Deploy.0 = Debug|Any CPU
		{7D089AC7-8F31-4E20-BFD6-B908321A6D3D}.Release|Any CPU.ActiveCfg = Release|Any CPU
		{7D089AC7-8F31-4E20-BFD6-B908321A6D3D}.Release|Any CPU.Build.0 = Release|Any CPU
		{7D089AC7-8F31-4E20-BFD6-B908321A6D3D}.Release|Any CPU.Deploy.0 = Release|Any CPU
	EndGlobalSection
	GlobalSection(SolutionProperties) = preSolution
		HideSolutionNode = FALSE
	EndGlobalSection
	GlobalSection(ExtensibilityGlobals) = postSolution
		SolutionGuid = {EAB0C32B-82D2-422B-AF87-AE5470D81E12}
	EndGlobalSection
EndGlobal
